// !$*UTF8*$!
{
	archiveVersion = 1;
	classes = {
	};
	objectVersion = 50;
	objects = {

/* Begin PBXBuildFile section */
		C43C83F5293809F8007697A6 /* AppDelegate.swift in Sources */ = {isa = PBXBuildFile; fileRef = C43C83F4293809F8007697A6 /* AppDelegate.swift */; };
		C43C83F7293809F8007697A6 /* SceneDelegate.swift in Sources */ = {isa = PBXBuildFile; fileRef = C43C83F6293809F8007697A6 /* SceneDelegate.swift */; };
		C43C83F9293809F8007697A6 /* ViewController.swift in Sources */ = {isa = PBXBuildFile; fileRef = C43C83F8293809F8007697A6 /* ViewController.swift */; };
		C43C83FC293809F8007697A6 /* Main.storyboard in Resources */ = {isa = PBXBuildFile; fileRef = C43C83FA293809F8007697A6 /* Main.storyboard */; };
		C43C83FE293809F9007697A6 /* Assets.xcassets in Resources */ = {isa = PBXBuildFile; fileRef = C43C83FD293809F9007697A6 /* Assets.xcassets */; };
		C43C8401293809F9007697A6 /* LaunchScreen.storyboard in Resources */ = {isa = PBXBuildFile; fileRef = C43C83FF293809F9007697A6 /* LaunchScreen.storyboard */; };
		C43C840A29394673007697A6 /* Item.swift in Sources */ = {isa = PBXBuildFile; fileRef = C43C840929394673007697A6 /* Item.swift */; };
		C43C840C29394868007697A6 /* Section.swift in Sources */ = {isa = PBXBuildFile; fileRef = C43C840B29394868007697A6 /* Section.swift */; };
		C43C8413293961C7007697A6 /* HeaderCell.swift in Sources */ = {isa = PBXBuildFile; fileRef = C43C8411293961C7007697A6 /* HeaderCell.swift */; };
		C43C8414293961C7007697A6 /* HeaderCell.xib in Resources */ = {isa = PBXBuildFile; fileRef = C43C8412293961C7007697A6 /* HeaderCell.xib */; };
		C43C841729396AFD007697A6 /* SearchBarCell.swift in Sources */ = {isa = PBXBuildFile; fileRef = C43C841529396AFD007697A6 /* SearchBarCell.swift */; };
		C43C841829396AFD007697A6 /* SearchBarCell.xib in Resources */ = {isa = PBXBuildFile; fileRef = C43C841629396AFD007697A6 /* SearchBarCell.xib */; };
		C43C841B293BBA2E007697A6 /* PromotionCell.swift in Sources */ = {isa = PBXBuildFile; fileRef = C43C8419293BBA2E007697A6 /* PromotionCell.swift */; };
		C43C841C293BBA2E007697A6 /* PromotionCell.xib in Resources */ = {isa = PBXBuildFile; fileRef = C43C841A293BBA2E007697A6 /* PromotionCell.xib */; };
		C43C8421293BC425007697A6 /* CategoriesCell.swift in Sources */ = {isa = PBXBuildFile; fileRef = C43C841F293BC425007697A6 /* CategoriesCell.swift */; };
		C43C8422293BC425007697A6 /* CategoriesCell.xib in Resources */ = {isa = PBXBuildFile; fileRef = C43C8420293BC425007697A6 /* CategoriesCell.xib */; };
		C43C8425293BC7BA007697A6 /* CategoriesItemsCell.swift in Sources */ = {isa = PBXBuildFile; fileRef = C43C8423293BC7BA007697A6 /* CategoriesItemsCell.swift */; };
		C43C8426293BC7BA007697A6 /* CategoriesItemsCell.xib in Resources */ = {isa = PBXBuildFile; fileRef = C43C8424293BC7BA007697A6 /* CategoriesItemsCell.xib */; };
		C43C8429293BCEE1007697A6 /* PopularDealsCell.swift in Sources */ = {isa = PBXBuildFile; fileRef = C43C8427293BCEE1007697A6 /* PopularDealsCell.swift */; };
		C43C842A293BCEE1007697A6 /* PopularDealsCell.xib in Resources */ = {isa = PBXBuildFile; fileRef = C43C8428293BCEE1007697A6 /* PopularDealsCell.xib */; };
		C43C842E293BDB97007697A6 /* DetailViewController.swift in Sources */ = {isa = PBXBuildFile; fileRef = C43C842D293BDB97007697A6 /* DetailViewController.swift */; };
		C43C843729427E7A007697A6 /* LayoutSection.swift in Sources */ = {isa = PBXBuildFile; fileRef = C43C843629427E7A007697A6 /* LayoutSection.swift */; };
		C43C843A2942909B007697A6 /* Detail.storyboard in Resources */ = {isa = PBXBuildFile; fileRef = C43C84382942909B007697A6 /* Detail.storyboard */; };
		C43C843D29451852007697A6 /* FruitsCell.swift in Sources */ = {isa = PBXBuildFile; fileRef = C43C843B29451852007697A6 /* FruitsCell.swift */; };
		C43C843E29451852007697A6 /* FruitsCell.xib in Resources */ = {isa = PBXBuildFile; fileRef = C43C843C29451852007697A6 /* FruitsCell.xib */; };
		C43C84412946B835007697A6 /* DescriptionCell.swift in Sources */ = {isa = PBXBuildFile; fileRef = C43C843F2946B835007697A6 /* DescriptionCell.swift */; };
		C43C84422946B835007697A6 /* DescriptionCell.xib in Resources */ = {isa = PBXBuildFile; fileRef = C43C84402946B835007697A6 /* DescriptionCell.xib */; };
		C43C844629478F60007697A6 /* RegisterableView.swift in Sources */ = {isa = PBXBuildFile; fileRef = C43C844329478F60007697A6 /* RegisterableView.swift */; };
		C43C844729478F60007697A6 /* UICollectionView+Extension.swift in Sources */ = {isa = PBXBuildFile; fileRef = C43C844429478F60007697A6 /* UICollectionView+Extension.swift */; };
		C43C844829478F60007697A6 /* UIView+IBInspectable.swift in Sources */ = {isa = PBXBuildFile; fileRef = C43C844529478F60007697A6 /* UIView+IBInspectable.swift */; };
		C4BE3FBD294BA99900287EAD /* CartCell.swift in Sources */ = {isa = PBXBuildFile; fileRef = C4BE3FBB294BA99900287EAD /* CartCell.swift */; };
		C4BE3FBE294BA99900287EAD /* CartCell.xib in Resources */ = {isa = PBXBuildFile; fileRef = C4BE3FBC294BA99900287EAD /* CartCell.xib */; };
		C4D255992948F644000F030A /* PriceCell.swift in Sources */ = {isa = PBXBuildFile; fileRef = C4D255972948F644000F030A /* PriceCell.swift */; };
		C4D2559A2948F644000F030A /* PriceCell.xib in Resources */ = {isa = PBXBuildFile; fileRef = C4D255982948F644000F030A /* PriceCell.xib */; };
/* End PBXBuildFile section */

/* Begin PBXFileReference section */
		C43C83F1293809F8007697A6 /* GroceryApp.app */ = {isa = PBXFileReference; explicitFileType = wrapper.application; includeInIndex = 0; path = GroceryApp.app; sourceTree = BUILT_PRODUCTS_DIR; };
		C43C83F4293809F8007697A6 /* AppDelegate.swift */ = {isa = PBXFileReference; lastKnownFileType = sourcecode.swift; path = AppDelegate.swift; sourceTree = "<group>"; };
		C43C83F6293809F8007697A6 /* SceneDelegate.swift */ = {isa = PBXFileReference; lastKnownFileType = sourcecode.swift; path = SceneDelegate.swift; sourceTree = "<group>"; };
		C43C83F8293809F8007697A6 /* ViewController.swift */ = {isa = PBXFileReference; lastKnownFileType = sourcecode.swift; path = ViewController.swift; sourceTree = "<group>"; };
		C43C83FB293809F8007697A6 /* Base */ = {isa = PBXFileReference; lastKnownFileType = file.storyboard; name = Base; path = Base.lproj/Main.storyboard; sourceTree = "<group>"; };
		C43C83FD293809F9007697A6 /* Assets.xcassets */ = {isa = PBXFileReference; lastKnownFileType = folder.assetcatalog; path = Assets.xcassets; sourceTree = "<group>"; };
		C43C8400293809F9007697A6 /* Base */ = {isa = PBXFileReference; lastKnownFileType = file.storyboard; name = Base; path = Base.lproj/LaunchScreen.storyboard; sourceTree = "<group>"; };
		C43C8402293809F9007697A6 /* Info.plist */ = {isa = PBXFileReference; lastKnownFileType = text.plist.xml; path = Info.plist; sourceTree = "<group>"; };
		C43C840929394673007697A6 /* Item.swift */ = {isa = PBXFileReference; lastKnownFileType = sourcecode.swift; path = Item.swift; sourceTree = "<group>"; };
		C43C840B29394868007697A6 /* Section.swift */ = {isa = PBXFileReference; lastKnownFileType = sourcecode.swift; path = Section.swift; sourceTree = "<group>"; };
		C43C8411293961C7007697A6 /* HeaderCell.swift */ = {isa = PBXFileReference; lastKnownFileType = sourcecode.swift; path = HeaderCell.swift; sourceTree = "<group>"; };
		C43C8412293961C7007697A6 /* HeaderCell.xib */ = {isa = PBXFileReference; lastKnownFileType = file.xib; path = HeaderCell.xib; sourceTree = "<group>"; };
		C43C841529396AFD007697A6 /* SearchBarCell.swift */ = {isa = PBXFileReference; lastKnownFileType = sourcecode.swift; path = SearchBarCell.swift; sourceTree = "<group>"; };
		C43C841629396AFD007697A6 /* SearchBarCell.xib */ = {isa = PBXFileReference; lastKnownFileType = file.xib; path = SearchBarCell.xib; sourceTree = "<group>"; };
		C43C8419293BBA2E007697A6 /* PromotionCell.swift */ = {isa = PBXFileReference; lastKnownFileType = sourcecode.swift; path = PromotionCell.swift; sourceTree = "<group>"; };
		C43C841A293BBA2E007697A6 /* PromotionCell.xib */ = {isa = PBXFileReference; lastKnownFileType = file.xib; path = PromotionCell.xib; sourceTree = "<group>"; };
		C43C841F293BC425007697A6 /* CategoriesCell.swift */ = {isa = PBXFileReference; lastKnownFileType = sourcecode.swift; path = CategoriesCell.swift; sourceTree = "<group>"; };
		C43C8420293BC425007697A6 /* CategoriesCell.xib */ = {isa = PBXFileReference; lastKnownFileType = file.xib; path = CategoriesCell.xib; sourceTree = "<group>"; };
		C43C8423293BC7BA007697A6 /* CategoriesItemsCell.swift */ = {isa = PBXFileReference; lastKnownFileType = sourcecode.swift; path = CategoriesItemsCell.swift; sourceTree = "<group>"; };
		C43C8424293BC7BA007697A6 /* CategoriesItemsCell.xib */ = {isa = PBXFileReference; lastKnownFileType = file.xib; path = CategoriesItemsCell.xib; sourceTree = "<group>"; };
		C43C8427293BCEE1007697A6 /* PopularDealsCell.swift */ = {isa = PBXFileReference; lastKnownFileType = sourcecode.swift; path = PopularDealsCell.swift; sourceTree = "<group>"; };
		C43C8428293BCEE1007697A6 /* PopularDealsCell.xib */ = {isa = PBXFileReference; lastKnownFileType = file.xib; path = PopularDealsCell.xib; sourceTree = "<group>"; };
		C43C842D293BDB97007697A6 /* DetailViewController.swift */ = {isa = PBXFileReference; lastKnownFileType = sourcecode.swift; path = DetailViewController.swift; sourceTree = "<group>"; };
		C43C843629427E7A007697A6 /* LayoutSection.swift */ = {isa = PBXFileReference; lastKnownFileType = sourcecode.swift; path = LayoutSection.swift; sourceTree = "<group>"; };
		C43C84392942909B007697A6 /* Base */ = {isa = PBXFileReference; lastKnownFileType = file.storyboard; name = Base; path = GroceryApp/App/Base.lproj/Detail.storyboard; sourceTree = "<group>"; };
		C43C843B29451852007697A6 /* FruitsCell.swift */ = {isa = PBXFileReference; lastKnownFileType = sourcecode.swift; path = FruitsCell.swift; sourceTree = "<group>"; };
		C43C843C29451852007697A6 /* FruitsCell.xib */ = {isa = PBXFileReference; lastKnownFileType = file.xib; path = FruitsCell.xib; sourceTree = "<group>"; };
		C43C843F2946B835007697A6 /* DescriptionCell.swift */ = {isa = PBXFileReference; lastKnownFileType = sourcecode.swift; path = DescriptionCell.swift; sourceTree = "<group>"; };
		C43C84402946B835007697A6 /* DescriptionCell.xib */ = {isa = PBXFileReference; lastKnownFileType = file.xib; path = DescriptionCell.xib; sourceTree = "<group>"; };
		C43C844329478F60007697A6 /* RegisterableView.swift */ = {isa = PBXFileReference; fileEncoding = 4; lastKnownFileType = sourcecode.swift; path = RegisterableView.swift; sourceTree = "<group>"; };
		C43C844429478F60007697A6 /* UICollectionView+Extension.swift */ = {isa = PBXFileReference; fileEncoding = 4; lastKnownFileType = sourcecode.swift; path = "UICollectionView+Extension.swift"; sourceTree = "<group>"; };
		C43C844529478F60007697A6 /* UIView+IBInspectable.swift */ = {isa = PBXFileReference; fileEncoding = 4; lastKnownFileType = sourcecode.swift; path = "UIView+IBInspectable.swift"; sourceTree = "<group>"; };
		C4BE3FBB294BA99900287EAD /* CartCell.swift */ = {isa = PBXFileReference; lastKnownFileType = sourcecode.swift; path = CartCell.swift; sourceTree = "<group>"; };
		C4BE3FBC294BA99900287EAD /* CartCell.xib */ = {isa = PBXFileReference; lastKnownFileType = file.xib; path = CartCell.xib; sourceTree = "<group>"; };
		C4D255972948F644000F030A /* PriceCell.swift */ = {isa = PBXFileReference; lastKnownFileType = sourcecode.swift; path = PriceCell.swift; sourceTree = "<group>"; };
		C4D255982948F644000F030A /* PriceCell.xib */ = {isa = PBXFileReference; lastKnownFileType = file.xib; path = PriceCell.xib; sourceTree = "<group>"; };
/* End PBXFileReference section */

/* Begin PBXFrameworksBuildPhase section */
		C43C83EE293809F8007697A6 /* Frameworks */ = {
			isa = PBXFrameworksBuildPhase;
			buildActionMask = 2147483647;
			files = (
			);
			runOnlyForDeploymentPostprocessing = 0;
		};
/* End PBXFrameworksBuildPhase section */

/* Begin PBXGroup section */
		C43C83E8293809F8007697A6 = {
			isa = PBXGroup;
			children = (
				C43C83F3293809F8007697A6 /* GroceryApp */,
				C43C83F2293809F8007697A6 /* Products */,
			);
			sourceTree = "<group>";
		};
		C43C83F2293809F8007697A6 /* Products */ = {
			isa = PBXGroup;
			children = (
				C43C83F1293809F8007697A6 /* GroceryApp.app */,
			);
			name = Products;
			sourceTree = "<group>";
		};
		C43C83F3293809F8007697A6 /* GroceryApp */ = {
			isa = PBXGroup;
			children = (
				C43C840F29395F9A007697A6 /* App */,
				C43C840E29395F67007697A6 /* Utilities  */,
				C43C840D29395F47007697A6 /* Views */,
				C43C8410293960D5007697A6 /* ViewControllers */,
				C43C840829394655007697A6 /* Models */,
				C43C8402293809F9007697A6 /* Info.plist */,
			);
			path = GroceryApp;
			sourceTree = "<group>";
		};
		C43C840829394655007697A6 /* Models */ = {
			isa = PBXGroup;
			children = (
				C43C840929394673007697A6 /* Item.swift */,
				C43C840B29394868007697A6 /* Section.swift */,
			);
			path = Models;
			sourceTree = "<group>";
		};
		C43C840D29395F47007697A6 /* Views */ = {
			isa = PBXGroup;
			children = (
				C43C8411293961C7007697A6 /* HeaderCell.swift */,
				C43C8412293961C7007697A6 /* HeaderCell.xib */,
				C43C841529396AFD007697A6 /* SearchBarCell.swift */,
				C43C841629396AFD007697A6 /* SearchBarCell.xib */,
				C43C8419293BBA2E007697A6 /* PromotionCell.swift */,
				C43C841A293BBA2E007697A6 /* PromotionCell.xib */,
				C43C841F293BC425007697A6 /* CategoriesCell.swift */,
				C43C8420293BC425007697A6 /* CategoriesCell.xib */,
				C43C8423293BC7BA007697A6 /* CategoriesItemsCell.swift */,
				C43C8424293BC7BA007697A6 /* CategoriesItemsCell.xib */,
				C43C8427293BCEE1007697A6 /* PopularDealsCell.swift */,
				C43C8428293BCEE1007697A6 /* PopularDealsCell.xib */,
				C43C842F293BF236007697A6 /* DetailViews */,
			);
			path = Views;
			sourceTree = "<group>";
		};
		C43C840E29395F67007697A6 /* Utilities  */ = {
			isa = PBXGroup;
			children = (
				C43C844329478F60007697A6 /* RegisterableView.swift */,
				C43C844429478F60007697A6 /* UICollectionView+Extension.swift */,
				C43C844529478F60007697A6 /* UIView+IBInspectable.swift */,
				C43C83FD293809F9007697A6 /* Assets.xcassets */,
				C43C843629427E7A007697A6 /* LayoutSection.swift */,
			);
			path = "Utilities ";
			sourceTree = "<group>";
		};
		C43C840F29395F9A007697A6 /* App */ = {
			isa = PBXGroup;
			children = (
				C43C83FA293809F8007697A6 /* Main.storyboard */,
				C43C83FF293809F9007697A6 /* LaunchScreen.storyboard */,
				C43C83F6293809F8007697A6 /* SceneDelegate.swift */,
				C43C83F4293809F8007697A6 /* AppDelegate.swift */,
				C43C84382942909B007697A6 /* Detail.storyboard */,
			);
			path = App;
			sourceTree = "<group>";
		};
		C43C8410293960D5007697A6 /* ViewControllers */ = {
			isa = PBXGroup;
			children = (
				C43C83F8293809F8007697A6 /* ViewController.swift */,
				C43C842D293BDB97007697A6 /* DetailViewController.swift */,
			);
			path = ViewControllers;
			sourceTree = "<group>";
		};
		C43C842F293BF236007697A6 /* DetailViews */ = {
			isa = PBXGroup;
			children = (
				C43C843B29451852007697A6 /* FruitsCell.swift */,
				C43C843C29451852007697A6 /* FruitsCell.xib */,
				C43C843F2946B835007697A6 /* DescriptionCell.swift */,
				C43C84402946B835007697A6 /* DescriptionCell.xib */,
				C4D255972948F644000F030A /* PriceCell.swift */,
				C4D255982948F644000F030A /* PriceCell.xib */,
				C4BE3FBB294BA99900287EAD /* CartCell.swift */,
				C4BE3FBC294BA99900287EAD /* CartCell.xib */,
			);
			path = DetailViews;
			sourceTree = "<group>";
		};
/* End PBXGroup section */

/* Begin PBXNativeTarget section */
		C43C83F0293809F8007697A6 /* GroceryApp */ = {
			isa = PBXNativeTarget;
			buildConfigurationList = C43C8405293809F9007697A6 /* Build configuration list for PBXNativeTarget "GroceryApp" */;
			buildPhases = (
				C43C83ED293809F8007697A6 /* Sources */,
				C43C83EE293809F8007697A6 /* Frameworks */,
				C43C83EF293809F8007697A6 /* Resources */,
			);
			buildRules = (
			);
			dependencies = (
			);
			name = GroceryApp;
			productName = GroceryApp;
			productReference = C43C83F1293809F8007697A6 /* GroceryApp.app */;
			productType = "com.apple.product-type.application";
		};
/* End PBXNativeTarget section */

/* Begin PBXProject section */
		C43C83E9293809F8007697A6 /* Project object */ = {
			isa = PBXProject;
			attributes = {
				LastSwiftUpdateCheck = 1250;
				LastUpgradeCheck = 1250;
				TargetAttributes = {
					C43C83F0293809F8007697A6 = {
						CreatedOnToolsVersion = 12.5.1;
					};
				};
			};
			buildConfigurationList = C43C83EC293809F8007697A6 /* Build configuration list for PBXProject "GroceryApp" */;
			compatibilityVersion = "Xcode 9.3";
			developmentRegion = en;
			hasScannedForEncodings = 0;
			knownRegions = (
				en,
				Base,
			);
			mainGroup = C43C83E8293809F8007697A6;
			productRefGroup = C43C83F2293809F8007697A6 /* Products */;
			projectDirPath = "";
			projectRoot = "";
			targets = (
				C43C83F0293809F8007697A6 /* GroceryApp */,
			);
		};
/* End PBXProject section */

/* Begin PBXResourcesBuildPhase section */
		C43C83EF293809F8007697A6 /* Resources */ = {
			isa = PBXResourcesBuildPhase;
			buildActionMask = 2147483647;
			files = (
				C43C8426293BC7BA007697A6 /* CategoriesItemsCell.xib in Resources */,
				C4BE3FBE294BA99900287EAD /* CartCell.xib in Resources */,
				C43C842A293BCEE1007697A6 /* PopularDealsCell.xib in Resources */,
				C4D2559A2948F644000F030A /* PriceCell.xib in Resources */,
				C43C8422293BC425007697A6 /* CategoriesCell.xib in Resources */,
				C43C8414293961C7007697A6 /* HeaderCell.xib in Resources */,
				C43C84422946B835007697A6 /* DescriptionCell.xib in Resources */,
				C43C843A2942909B007697A6 /* Detail.storyboard in Resources */,
				C43C8401293809F9007697A6 /* LaunchScreen.storyboard in Resources */,
				C43C843E29451852007697A6 /* FruitsCell.xib in Resources */,
				C43C83FE293809F9007697A6 /* Assets.xcassets in Resources */,
				C43C841C293BBA2E007697A6 /* PromotionCell.xib in Resources */,
				C43C841829396AFD007697A6 /* SearchBarCell.xib in Resources */,
				C43C83FC293809F8007697A6 /* Main.storyboard in Resources */,
			);
			runOnlyForDeploymentPostprocessing = 0;
		};
/* End PBXResourcesBuildPhase section */

/* Begin PBXSourcesBuildPhase section */
		C43C83ED293809F8007697A6 /* Sources */ = {
			isa = PBXSourcesBuildPhase;
			buildActionMask = 2147483647;
			files = (
				C43C842E293BDB97007697A6 /* DetailViewController.swift in Sources */,
				C43C843729427E7A007697A6 /* LayoutSection.swift in Sources */,
				C43C84412946B835007697A6 /* DescriptionCell.swift in Sources */,
				C43C841729396AFD007697A6 /* SearchBarCell.swift in Sources */,
				C43C8429293BCEE1007697A6 /* PopularDealsCell.swift in Sources */,
				C43C844629478F60007697A6 /* RegisterableView.swift in Sources */,
				C43C844829478F60007697A6 /* UIView+IBInspectable.swift in Sources */,
				C43C8425293BC7BA007697A6 /* CategoriesItemsCell.swift in Sources */,
				C43C840C29394868007697A6 /* Section.swift in Sources */,
				C43C840A29394673007697A6 /* Item.swift in Sources */,
				C43C83F9293809F8007697A6 /* ViewController.swift in Sources */,
				C4BE3FBD294BA99900287EAD /* CartCell.swift in Sources */,
				C43C8421293BC425007697A6 /* CategoriesCell.swift in Sources */,
				C43C83F5293809F8007697A6 /* AppDelegate.swift in Sources */,
				C43C841B293BBA2E007697A6 /* PromotionCell.swift in Sources */,
				C43C8413293961C7007697A6 /* HeaderCell.swift in Sources */,
				C43C83F7293809F8007697A6 /* SceneDelegate.swift in Sources */,
				C43C843D29451852007697A6 /* FruitsCell.swift in Sources */,
				C4D255992948F644000F030A /* PriceCell.swift in Sources */,
				C43C844729478F60007697A6 /* UICollectionView+Extension.swift in Sources */,
			);
			runOnlyForDeploymentPostprocessing = 0;
		};
/* End PBXSourcesBuildPhase section */

/* Begin PBXVariantGroup section */
		C43C83FA293809F8007697A6 /* Main.storyboard */ = {
			isa = PBXVariantGroup;
			children = (
				C43C83FB293809F8007697A6 /* Base */,
			);
			name = Main.storyboard;
			sourceTree = "<group>";
		};
		C43C83FF293809F9007697A6 /* LaunchScreen.storyboard */ = {
			isa = PBXVariantGroup;
			children = (
				C43C8400293809F9007697A6 /* Base */,
			);
			name = LaunchScreen.storyboard;
			sourceTree = "<group>";
		};
		C43C84382942909B007697A6 /* Detail.storyboard */ = {
			isa = PBXVariantGroup;
			children = (
				C43C84392942909B007697A6 /* Base */,
			);
			name = Detail.storyboard;
			sourceTree = "<group>";
		};
/* End PBXVariantGroup section */

/* Begin XCBuildConfiguration section */
		C43C8403293809F9007697A6 /* Debug */ = {
			isa = XCBuildConfiguration;
			buildSettings = {
				ALWAYS_SEARCH_USER_PATHS = NO;
				CLANG_ANALYZER_NONNULL = YES;
				CLANG_ANALYZER_NUMBER_OBJECT_CONVERSION = YES_AGGRESSIVE;
				CLANG_CXX_LANGUAGE_STANDARD = "gnu++14";
				CLANG_CXX_LIBRARY = "libc++";
				CLANG_ENABLE_MODULES = YES;
				CLANG_ENABLE_OBJC_ARC = YES;
				CLANG_ENABLE_OBJC_WEAK = YES;
				CLANG_WARN_BLOCK_CAPTURE_AUTORELEASING = YES;
				CLANG_WARN_BOOL_CONVERSION = YES;
				CLANG_WARN_COMMA = YES;
				CLANG_WARN_CONSTANT_CONVERSION = YES;
				CLANG_WARN_DEPRECATED_OBJC_IMPLEMENTATIONS = YES;
				CLANG_WARN_DIRECT_OBJC_ISA_USAGE = YES_ERROR;
				CLANG_WARN_DOCUMENTATION_COMMENTS = YES;
				CLANG_WARN_EMPTY_BODY = YES;
				CLANG_WARN_ENUM_CONVERSION = YES;
				CLANG_WARN_INFINITE_RECURSION = YES;
				CLANG_WARN_INT_CONVERSION = YES;
				CLANG_WARN_NON_LITERAL_NULL_CONVERSION = YES;
				CLANG_WARN_OBJC_IMPLICIT_RETAIN_SELF = YES;
				CLANG_WARN_OBJC_LITERAL_CONVERSION = YES;
				CLANG_WARN_OBJC_ROOT_CLASS = YES_ERROR;
				CLANG_WARN_QUOTED_INCLUDE_IN_FRAMEWORK_HEADER = YES;
				CLANG_WARN_RANGE_LOOP_ANALYSIS = YES;
				CLANG_WARN_STRICT_PROTOTYPES = YES;
				CLANG_WARN_SUSPICIOUS_MOVE = YES;
				CLANG_WARN_UNGUARDED_AVAILABILITY = YES_AGGRESSIVE;
				CLANG_WARN_UNREACHABLE_CODE = YES;
				CLANG_WARN__DUPLICATE_METHOD_MATCH = YES;
				COPY_PHASE_STRIP = NO;
				DEBUG_INFORMATION_FORMAT = dwarf;
				ENABLE_STRICT_OBJC_MSGSEND = YES;
				ENABLE_TESTABILITY = YES;
				GCC_C_LANGUAGE_STANDARD = gnu11;
				GCC_DYNAMIC_NO_PIC = NO;
				GCC_NO_COMMON_BLOCKS = YES;
				GCC_OPTIMIZATION_LEVEL = 0;
				GCC_PREPROCESSOR_DEFINITIONS = (
					"DEBUG=1",
					"$(inherited)",
				);
				GCC_WARN_64_TO_32_BIT_CONVERSION = YES;
				GCC_WARN_ABOUT_RETURN_TYPE = YES_ERROR;
				GCC_WARN_UNDECLARED_SELECTOR = YES;
				GCC_WARN_UNINITIALIZED_AUTOS = YES_AGGRESSIVE;
				GCC_WARN_UNUSED_FUNCTION = YES;
				GCC_WARN_UNUSED_VARIABLE = YES;
				IPHONEOS_DEPLOYMENT_TARGET = 14.5;
				MTL_ENABLE_DEBUG_INFO = INCLUDE_SOURCE;
				MTL_FAST_MATH = YES;
				ONLY_ACTIVE_ARCH = YES;
				SDKROOT = iphoneos;
				SWIFT_ACTIVE_COMPILATION_CONDITIONS = DEBUG;
				SWIFT_OPTIMIZATION_LEVEL = "-Onone";
			};
			name = Debug;
		};
		C43C8404293809F9007697A6 /* Release */ = {
			isa = XCBuildConfiguration;
			buildSettings = {
				ALWAYS_SEARCH_USER_PATHS = NO;
				CLANG_ANALYZER_NONNULL = YES;
				CLANG_ANALYZER_NUMBER_OBJECT_CONVERSION = YES_AGGRESSIVE;
				CLANG_CXX_LANGUAGE_STANDARD = "gnu++14";
				CLANG_CXX_LIBRARY = "libc++";
				CLANG_ENABLE_MODULES = YES;
				CLANG_ENABLE_OBJC_ARC = YES;
				CLANG_ENABLE_OBJC_WEAK = YES;
				CLANG_WARN_BLOCK_CAPTURE_AUTORELEASING = YES;
				CLANG_WARN_BOOL_CONVERSION = YES;
				CLANG_WARN_COMMA = YES;
				CLANG_WARN_CONSTANT_CONVERSION = YES;
				CLANG_WARN_DEPRECATED_OBJC_IMPLEMENTATIONS = YES;
				CLANG_WARN_DIRECT_OBJC_ISA_USAGE = YES_ERROR;
				CLANG_WARN_DOCUMENTATION_COMMENTS = YES;
				CLANG_WARN_EMPTY_BODY = YES;
				CLANG_WARN_ENUM_CONVERSION = YES;
				CLANG_WARN_INFINITE_RECURSION = YES;
				CLANG_WARN_INT_CONVERSION = YES;
				CLANG_WARN_NON_LITERAL_NULL_CONVERSION = YES;
				CLANG_WARN_OBJC_IMPLICIT_RETAIN_SELF = YES;
				CLANG_WARN_OBJC_LITERAL_CONVERSION = YES;
				CLANG_WARN_OBJC_ROOT_CLASS = YES_ERROR;
				CLANG_WARN_QUOTED_INCLUDE_IN_FRAMEWORK_HEADER = YES;
				CLANG_WARN_RANGE_LOOP_ANALYSIS = YES;
				CLANG_WARN_STRICT_PROTOTYPES = YES;
				CLANG_WARN_SUSPICIOUS_MOVE = YES;
				CLANG_WARN_UNGUARDED_AVAILABILITY = YES_AGGRESSIVE;
				CLANG_WARN_UNREACHABLE_CODE = YES;
				CLANG_WARN__DUPLICATE_METHOD_MATCH = YES;
				COPY_PHASE_STRIP = NO;
				DEBUG_INFORMATION_FORMAT = "dwarf-with-dsym";
				ENABLE_NS_ASSERTIONS = NO;
				ENABLE_STRICT_OBJC_MSGSEND = YES;
				GCC_C_LANGUAGE_STANDARD = gnu11;
				GCC_NO_COMMON_BLOCKS = YES;
				GCC_WARN_64_TO_32_BIT_CONVERSION = YES;
				GCC_WARN_ABOUT_RETURN_TYPE = YES_ERROR;
				GCC_WARN_UNDECLARED_SELECTOR = YES;
				GCC_WARN_UNINITIALIZED_AUTOS = YES_AGGRESSIVE;
				GCC_WARN_UNUSED_FUNCTION = YES;
				GCC_WARN_UNUSED_VARIABLE = YES;
				IPHONEOS_DEPLOYMENT_TARGET = 14.5;
				MTL_ENABLE_DEBUG_INFO = NO;
				MTL_FAST_MATH = YES;
				SDKROOT = iphoneos;
				SWIFT_COMPILATION_MODE = wholemodule;
				SWIFT_OPTIMIZATION_LEVEL = "-O";
				VALIDATE_PRODUCT = YES;
			};
			name = Release;
		};
		C43C8406293809F9007697A6 /* Debug */ = {
			isa = XCBuildConfiguration;
			buildSettings = {
				ASSETCATALOG_COMPILER_APPICON_NAME = AppIcon;
				ASSETCATALOG_COMPILER_GLOBAL_ACCENT_COLOR_NAME = AccentColor;
				CODE_SIGN_STYLE = Automatic;
				DEVELOPMENT_TEAM = 3595L3JD3G;
				INFOPLIST_FILE = GroceryApp/Info.plist;
				LD_RUNPATH_SEARCH_PATHS = (
					"$(inherited)",
					"@executable_path/Frameworks",
				);
				PRODUCT_BUNDLE_IDENTIFIER = Edfarm.GroceryApp;
				PRODUCT_NAME = "$(TARGET_NAME)";
				SWIFT_VERSION = 5.0;
				TARGETED_DEVICE_FAMILY = "1,2";
			};
			name = Debug;
		};
		C43C8407293809F9007697A6 /* Release */ = {
			isa = XCBuildConfiguration;
			buildSettings = {
				ASSETCATALOG_COMPILER_APPICON_NAME = AppIcon;
				ASSETCATALOG_COMPILER_GLOBAL_ACCENT_COLOR_NAME = AccentColor;
				CODE_SIGN_STYLE = Automatic;
				DEVELOPMENT_TEAM = 3595L3JD3G;
				INFOPLIST_FILE = GroceryApp/Info.plist;
				LD_RUNPATH_SEARCH_PATHS = (
					"$(inherited)",
					"@executable_path/Frameworks",
				);
				PRODUCT_BUNDLE_IDENTIFIER = Edfarm.GroceryApp;
				PRODUCT_NAME = "$(TARGET_NAME)";
				SWIFT_VERSION = 5.0;
				TARGETED_DEVICE_FAMILY = "1,2";
			};
			name = Release;
		};
/* End XCBuildConfiguration section */

/* Begin XCConfigurationList section */
		C43C83EC293809F8007697A6 /* Build configuration list for PBXProject "GroceryApp" */ = {
			isa = XCConfigurationList;
			buildConfigurations = (
				C43C8403293809F9007697A6 /* Debug */,
				C43C8404293809F9007697A6 /* Release */,
			);
			defaultConfigurationIsVisible = 0;
			defaultConfigurationName = Release;
		};
		C43C8405293809F9007697A6 /* Build configuration list for PBXNativeTarget "GroceryApp" */ = {
			isa = XCConfigurationList;
			buildConfigurations = (
				C43C8406293809F9007697A6 /* Debug */,
				C43C8407293809F9007697A6 /* Release */,
			);
			defaultConfigurationIsVisible = 0;
			defaultConfigurationName = Release;
		};
/* End XCConfigurationList section */
	};
	rootObject = C43C83E9293809F8007697A6 /* Project object */;
}
